version = 1
revision = 2
requires-python = ">=3.12"

[[package]]
name = "grpcio"
version = "1.74.0"
source = { registry = "https://pypi.org/simple" }
sdist = { url = "https://files.pythonhosted.org/packages/38/b4/35feb8f7cab7239c5b94bd2db71abb3d6adb5f335ad8f131abb6060840b6/grpcio-1.74.0.tar.gz", hash = "sha256:80d1f4fbb35b0742d3e3d3bb654b7381cd5f015f8497279a1e9c21ba623e01b1", size = 12756048, upload-time = "2025-07-24T18:54:23.039Z" }
wheels = [
    { url = "https://files.pythonhosted.org/packages/4c/5d/e504d5d5c4469823504f65687d6c8fb97b7f7bf0b34873b7598f1df24630/grpcio-1.74.0-cp312-cp312-linux_armv7l.whl", hash = "sha256:8533e6e9c5bd630ca98062e3a1326249e6ada07d05acf191a77bc33f8948f3d8", size = 5445551, upload-time = "2025-07-24T18:53:23.641Z" },
    { url = "https://files.pythonhosted.org/packages/43/01/730e37056f96f2f6ce9f17999af1556df62ee8dab7fa48bceeaab5fd3008/grpcio-1.74.0-cp312-cp312-macosx_11_0_universal2.whl", hash = "sha256:2918948864fec2a11721d91568effffbe0a02b23ecd57f281391d986847982f6", size = 10979810, upload-time = "2025-07-24T18:53:25.349Z" },
    { url = "https://files.pythonhosted.org/packages/79/3d/09fd100473ea5c47083889ca47ffd356576173ec134312f6aa0e13111dee/grpcio-1.74.0-cp312-cp312-manylinux_2_17_aarch64.whl", hash = "sha256:60d2d48b0580e70d2e1954d0d19fa3c2e60dd7cbed826aca104fff518310d1c5", size = 5941946, upload-time = "2025-07-24T18:53:27.387Z" },
    { url = "https://files.pythonhosted.org/packages/8a/99/12d2cca0a63c874c6d3d195629dcd85cdf5d6f98a30d8db44271f8a97b93/grpcio-1.74.0-cp312-cp312-manylinux_2_17_i686.manylinux2014_i686.whl", hash = "sha256:3601274bc0523f6dc07666c0e01682c94472402ac2fd1226fd96e079863bfa49", size = 6621763, upload-time = "2025-07-24T18:53:29.193Z" },
    { url = "https://files.pythonhosted.org/packages/9d/2c/930b0e7a2f1029bbc193443c7bc4dc2a46fedb0203c8793dcd97081f1520/grpcio-1.74.0-cp312-cp312-manylinux_2_17_x86_64.manylinux2014_x86_64.whl", hash = "sha256:176d60a5168d7948539def20b2a3adcce67d72454d9ae05969a2e73f3a0feee7", size = 6180664, upload-time = "2025-07-24T18:53:30.823Z" },
    { url = "https://files.pythonhosted.org/packages/db/d5/ff8a2442180ad0867717e670f5ec42bfd8d38b92158ad6bcd864e6d4b1ed/grpcio-1.74.0-cp312-cp312-musllinux_1_1_aarch64.whl", hash = "sha256:e759f9e8bc908aaae0412642afe5416c9f983a80499448fcc7fab8692ae044c3", size = 6301083, upload-time = "2025-07-24T18:53:32.454Z" },
    { url = "https://files.pythonhosted.org/packages/b0/ba/b361d390451a37ca118e4ec7dccec690422e05bc85fba2ec72b06cefec9f/grpcio-1.74.0-cp312-cp312-musllinux_1_1_i686.whl", hash = "sha256:9e7c4389771855a92934b2846bd807fc25a3dfa820fd912fe6bd8136026b2707", size = 6994132, upload-time = "2025-07-24T18:53:34.506Z" },
    { url = "https://files.pythonhosted.org/packages/3b/0c/3a5fa47d2437a44ced74141795ac0251bbddeae74bf81df3447edd767d27/grpcio-1.74.0-cp312-cp312-musllinux_1_1_x86_64.whl", hash = "sha256:cce634b10aeab37010449124814b05a62fb5f18928ca878f1bf4750d1f0c815b", size = 6489616, upload-time = "2025-07-24T18:53:36.217Z" },
    { url = "https://files.pythonhosted.org/packages/ae/95/ab64703b436d99dc5217228babc76047d60e9ad14df129e307b5fec81fd0/grpcio-1.74.0-cp312-cp312-win32.whl", hash = "sha256:885912559974df35d92219e2dc98f51a16a48395f37b92865ad45186f294096c", size = 3807083, upload-time = "2025-07-24T18:53:37.911Z" },
    { url = "https://files.pythonhosted.org/packages/84/59/900aa2445891fc47a33f7d2f76e00ca5d6ae6584b20d19af9c06fa09bf9a/grpcio-1.74.0-cp312-cp312-win_amd64.whl", hash = "sha256:42f8fee287427b94be63d916c90399ed310ed10aadbf9e2e5538b3e497d269bc", size = 4490123, upload-time = "2025-07-24T18:53:39.528Z" },
    { url = "https://files.pythonhosted.org/packages/d4/d8/1004a5f468715221450e66b051c839c2ce9a985aa3ee427422061fcbb6aa/grpcio-1.74.0-cp313-cp313-linux_armv7l.whl", hash = "sha256:2bc2d7d8d184e2362b53905cb1708c84cb16354771c04b490485fa07ce3a1d89", size = 5449488, upload-time = "2025-07-24T18:53:41.174Z" },
    { url = "https://files.pythonhosted.org/packages/94/0e/33731a03f63740d7743dced423846c831d8e6da808fcd02821a4416df7fa/grpcio-1.74.0-cp313-cp313-macosx_11_0_universal2.whl", hash = "sha256:c14e803037e572c177ba54a3e090d6eb12efd795d49327c5ee2b3bddb836bf01", size = 10974059, upload-time = "2025-07-24T18:53:43.066Z" },
    { url = "https://files.pythonhosted.org/packages/0d/c6/3d2c14d87771a421205bdca991467cfe473ee4c6a1231c1ede5248c62ab8/grpcio-1.74.0-cp313-cp313-manylinux_2_17_aarch64.whl", hash = "sha256:f6ec94f0e50eb8fa1744a731088b966427575e40c2944a980049798b127a687e", size = 5945647, upload-time = "2025-07-24T18:53:45.269Z" },
    { url = "https://files.pythonhosted.org/packages/c5/83/5a354c8aaff58594eef7fffebae41a0f8995a6258bbc6809b800c33d4c13/grpcio-1.74.0-cp313-cp313-manylinux_2_17_i686.manylinux2014_i686.whl", hash = "sha256:566b9395b90cc3d0d0c6404bc8572c7c18786ede549cdb540ae27b58afe0fb91", size = 6626101, upload-time = "2025-07-24T18:53:47.015Z" },
    { url = "https://files.pythonhosted.org/packages/3f/ca/4fdc7bf59bf6994aa45cbd4ef1055cd65e2884de6113dbd49f75498ddb08/grpcio-1.74.0-cp313-cp313-manylinux_2_17_x86_64.manylinux2014_x86_64.whl", hash = "sha256:e1ea6176d7dfd5b941ea01c2ec34de9531ba494d541fe2057c904e601879f249", size = 6182562, upload-time = "2025-07-24T18:53:48.967Z" },
    { url = "https://files.pythonhosted.org/packages/fd/48/2869e5b2c1922583686f7ae674937986807c2f676d08be70d0a541316270/grpcio-1.74.0-cp313-cp313-musllinux_1_1_aarch64.whl", hash = "sha256:64229c1e9cea079420527fa8ac45d80fc1e8d3f94deaa35643c381fa8d98f362", size = 6303425, upload-time = "2025-07-24T18:53:50.847Z" },
    { url = "https://files.pythonhosted.org/packages/a6/0e/bac93147b9a164f759497bc6913e74af1cb632c733c7af62c0336782bd38/grpcio-1.74.0-cp313-cp313-musllinux_1_1_i686.whl", hash = "sha256:0f87bddd6e27fc776aacf7ebfec367b6d49cad0455123951e4488ea99d9b9b8f", size = 6996533, upload-time = "2025-07-24T18:53:52.747Z" },
    { url = "https://files.pythonhosted.org/packages/84/35/9f6b2503c1fd86d068b46818bbd7329db26a87cdd8c01e0d1a9abea1104c/grpcio-1.74.0-cp313-cp313-musllinux_1_1_x86_64.whl", hash = "sha256:3b03d8f2a07f0fea8c8f74deb59f8352b770e3900d143b3d1475effcb08eec20", size = 6491489, upload-time = "2025-07-24T18:53:55.06Z" },
    { url = "https://files.pythonhosted.org/packages/75/33/a04e99be2a82c4cbc4039eb3a76f6c3632932b9d5d295221389d10ac9ca7/grpcio-1.74.0-cp313-cp313-win32.whl", hash = "sha256:b6a73b2ba83e663b2480a90b82fdae6a7aa6427f62bf43b29912c0cfd1aa2bfa", size = 3805811, upload-time = "2025-07-24T18:53:56.798Z" },
    { url = "https://files.pythonhosted.org/packages/34/80/de3eb55eb581815342d097214bed4c59e806b05f1b3110df03b2280d6dfd/grpcio-1.74.0-cp313-cp313-win_amd64.whl", hash = "sha256:fd3c71aeee838299c5887230b8a1822795325ddfea635edd82954c1eaa831e24", size = 4489214, upload-time = "2025-07-24T18:53:59.771Z" },
]

[[package]]
name = "grpcio-tools"
version = "1.74.0"
source = { registry = "https://pypi.org/simple" }
dependencies = [
    { name = "grpcio" },
    { name = "protobuf" },
    { name = "setuptools" },
]
sdist = { url = "https://files.pythonhosted.org/packages/90/c8/bca79cb8c14bb63027831039919c801db9f593c7504c09433934f5dff6a4/grpcio_tools-1.74.0.tar.gz", hash = "sha256:88ab9eb18b6ac1b4872add6b394073bd8d44eee7c32e4dc60a022e25ffaffb95", size = 5390007, upload-time = "2025-07-24T18:57:23.852Z" }
wheels = [
    { url = "https://files.pythonhosted.org/packages/5e/9c/08a4018e19c937af14bfa052ad3d7826a1687da984992d31d15139c7c8d3/grpcio_tools-1.74.0-cp312-cp312-linux_armv7l.whl", hash = "sha256:61d84f6050d7170712600f7ee1dac8849f5dc0bfe0044dd71132ee1e7aa2b373", size = 2546097, upload-time = "2025-07-24T18:56:28.565Z" },
    { url = "https://files.pythonhosted.org/packages/0a/7b/b2985b1b8aa295d745b2e105c99401ad674fcdc2f5a9c8eb3ec0f57ad397/grpcio_tools-1.74.0-cp312-cp312-macosx_11_0_universal2.whl", hash = "sha256:f0129a62711dbc1f1efd51d069d2ce0631d69e033bf3a046606c623acf935e08", size = 5839819, upload-time = "2025-07-24T18:56:30.358Z" },
    { url = "https://files.pythonhosted.org/packages/de/40/de0fe696d50732c8b1f0f9271b05a3082f2a91e77e28d70dd3ffc1e4aaa5/grpcio_tools-1.74.0-cp312-cp312-manylinux_2_17_aarch64.whl", hash = "sha256:5ec661f3bb41f0d2a30125ea382f4d5c874bf4f26d4d8e3839bb7e3b3c037b3e", size = 2517611, upload-time = "2025-07-24T18:56:32.371Z" },
    { url = "https://files.pythonhosted.org/packages/a0/6d/949d3b339c3ff3c631168b355ce7be937f10feb894fdabe66c48ebd82394/grpcio_tools-1.74.0-cp312-cp312-manylinux_2_17_i686.manylinux2014_i686.whl", hash = "sha256:7970a9cf3002bec2eff5a449ac7398b77e5d171cbb534c47258c72409d0aea74", size = 2905274, upload-time = "2025-07-24T18:56:33.872Z" },
    { url = "https://files.pythonhosted.org/packages/06/6b/f9b2e7b15c147ad6164e9ac7b20ee208435ca3243bcc97feb1ab74dcb902/grpcio_tools-1.74.0-cp312-cp312-manylinux_2_17_x86_64.manylinux2014_x86_64.whl", hash = "sha256:6f56d67b04790f84e216353341c6b298f1aeb591e1797fe955f606516c640936", size = 2656414, upload-time = "2025-07-24T18:56:35.47Z" },
    { url = "https://files.pythonhosted.org/packages/bd/de/621dde431314f49668c25b26a12f624c3da8748ac29df9db7d0a2596e575/grpcio_tools-1.74.0-cp312-cp312-musllinux_1_1_aarch64.whl", hash = "sha256:e3d0c33cc984d21525f190cb1af479f8da46370df5f2ced1a4e50769ababd0c0", size = 3052690, upload-time = "2025-07-24T18:56:37.799Z" },
    { url = "https://files.pythonhosted.org/packages/40/82/d43c9484174feea5a153371a011e06eabe508b97519a1e9a338b7ebdf43b/grpcio_tools-1.74.0-cp312-cp312-musllinux_1_1_i686.whl", hash = "sha256:88e535c1cf349e57e371529ea9918f811c5eff88161f322bbc06d6222bad6d50", size = 3501214, upload-time = "2025-07-24T18:56:39.493Z" },
    { url = "https://files.pythonhosted.org/packages/30/fc/195b90e4571f6c70665a25c7b748e13c2087025660d6d5aead9093f28b18/grpcio_tools-1.74.0-cp312-cp312-musllinux_1_1_x86_64.whl", hash = "sha256:c3cf9401ce72bc49582c2d80e0a2ee0e573e1c3c998c8bc5f739db8845e8e148", size = 3125689, upload-time = "2025-07-24T18:56:41.555Z" },
    { url = "https://files.pythonhosted.org/packages/cb/81/fe8980e5fb768090ffc531902ec1b7e5bf1d92108ecf8b7305405b297475/grpcio_tools-1.74.0-cp312-cp312-win32.whl", hash = "sha256:b63e250da44b15c67b9a34c5c30c81059bde528fc8af092d7f43194469f7c719", size = 993069, upload-time = "2025-07-24T18:56:43.088Z" },
    { url = "https://files.pythonhosted.org/packages/63/a9/7b081924d655787d56d2b409f703f0bf457b3dac10a67ad04dc7338e9aae/grpcio_tools-1.74.0-cp312-cp312-win_amd64.whl", hash = "sha256:519d7cae085ae6695a8031bb990bf7766a922332b0a531e51342abc5431b78b5", size = 1157502, upload-time = "2025-07-24T18:56:44.814Z" },
    { url = "https://files.pythonhosted.org/packages/2f/65/307a72cf4bfa553a25e284bd1f27b94a53816ac01ddf432c398117b91b2a/grpcio_tools-1.74.0-cp313-cp313-linux_armv7l.whl", hash = "sha256:e2e22460355adbd0f25fdd7ed8b9ae53afb3875b9d5f34cdf1cf12559418245e", size = 2545750, upload-time = "2025-07-24T18:56:46.386Z" },
    { url = "https://files.pythonhosted.org/packages/5b/8e/9b2217c15baadc7cfca3eba9f980e147452ca82f41767490f619edea3489/grpcio_tools-1.74.0-cp313-cp313-macosx_11_0_universal2.whl", hash = "sha256:0cab5a2c6ae75b555fee8a1a9a9b575205171e1de392fe2d4139a29e67d8f5bb", size = 5838169, upload-time = "2025-07-24T18:56:48.057Z" },
    { url = "https://files.pythonhosted.org/packages/ea/42/a6a158b7e91c0a358cddf3f9088b004c2bfa42d1f96154b9b8eb17e16d73/grpcio_tools-1.74.0-cp313-cp313-manylinux_2_17_aarch64.whl", hash = "sha256:9b18afca48b55832402a716ea4634ef2b68927a8a17ddf4038f51812299255c9", size = 2517140, upload-time = "2025-07-24T18:56:49.696Z" },
    { url = "https://files.pythonhosted.org/packages/05/db/d4576a07b2d1211822a070f76a99a9f4f4cb63496a02964ce77c88df8a28/grpcio_tools-1.74.0-cp313-cp313-manylinux_2_17_i686.manylinux2014_i686.whl", hash = "sha256:e85f442a9e89e276bf89a0c9c76ea71647a927d967759333c1fa40300c27f7bd", size = 2905214, upload-time = "2025-07-24T18:56:51.768Z" },
    { url = "https://files.pythonhosted.org/packages/77/dc/3713e75751f862d8c84f823ba935d486c0aac0b6f789fa61fbde04ad5019/grpcio_tools-1.74.0-cp313-cp313-manylinux_2_17_x86_64.manylinux2014_x86_64.whl", hash = "sha256:051ce925b0b99ae2daf61b3cba19962b8655cc2a72758ce4081b89272206f5a3", size = 2656245, upload-time = "2025-07-24T18:56:53.877Z" },
    { url = "https://files.pythonhosted.org/packages/bd/e4/01f9e8e0401d8e11a70ae8aff6899eb8c16536f69a0a9ffb25873588721c/grpcio_tools-1.74.0-cp313-cp313-musllinux_1_1_aarch64.whl", hash = "sha256:98c7b8eb0de6984cd7fa7335ce3383b3bb9a1559edc238c811df88008d5d3593", size = 3052327, upload-time = "2025-07-24T18:56:55.535Z" },
    { url = "https://files.pythonhosted.org/packages/28/c2/264b4e705375a834c9c7462847ae435c0be1644f03a705d3d7464af07bd5/grpcio_tools-1.74.0-cp313-cp313-musllinux_1_1_i686.whl", hash = "sha256:f8f7d17b7573b9a2a6b4183fa4a56a2ab17370c8d0541e1424cf0c9c6f863434", size = 3500706, upload-time = "2025-07-24T18:56:57.245Z" },
    { url = "https://files.pythonhosted.org/packages/ee/c0/cc034cec5871a1918e7888e8ce700e06fab5bbb328f998a2f2750cd603b5/grpcio_tools-1.74.0-cp313-cp313-musllinux_1_1_x86_64.whl", hash = "sha256:db08b91ea0cd66dc4b1b929100e7aa84c9c10c51573c8282ec1ba05b41f887ef", size = 3125098, upload-time = "2025-07-24T18:56:59.02Z" },
    { url = "https://files.pythonhosted.org/packages/69/55/5792b681af82b3ff1e50ce0ccfbb6d52fc68a13932ed3da57e58d7dfb67b/grpcio_tools-1.74.0-cp313-cp313-win32.whl", hash = "sha256:4b6c5efb331ae9e5f614437f4a5938459a8a5a1ab3dfe133d2bbdeaba39b894d", size = 992431, upload-time = "2025-07-24T18:57:00.618Z" },
    { url = "https://files.pythonhosted.org/packages/94/9f/626f0fe6bfc1c6917785c6a5ee2eb8c07b5a30771e4bf4cff3c1ab5b431b/grpcio_tools-1.74.0-cp313-cp313-win_amd64.whl", hash = "sha256:b8324cd67f61f7900d227b36913ee5f0302ba3ba8777c8bc705afa8174098d28", size = 1157064, upload-time = "2025-07-24T18:57:02.579Z" },
]

[[package]]
name = "my-raft"
version = "0.1.0"
source = { virtual = "." }
dependencies = [
    { name = "grpcio" },
    { name = "grpcio-tools" },
]

[package.metadata]
requires-dist = [
    { name = "grpcio", specifier = ">=1.74.0" },
    { name = "grpcio-tools", specifier = ">=1.74.0" },
]

[[package]]
name = "protobuf"
version = "6.31.1"
source = { registry = "https://pypi.org/simple" }
sdist = { url = "https://files.pythonhosted.org/packages/52/f3/b9655a711b32c19720253f6f06326faf90580834e2e83f840472d752bc8b/protobuf-6.31.1.tar.gz", hash = "sha256:d8cac4c982f0b957a4dc73a80e2ea24fab08e679c0de9deb835f4a12d69aca9a", size = 441797, upload-time = "2025-05-28T19:25:54.947Z" }
wheels = [
    { url = "https://files.pythonhosted.org/packages/f3/6f/6ab8e4bf962fd5570d3deaa2d5c38f0a363f57b4501047b5ebeb83ab1125/protobuf-6.31.1-cp310-abi3-win32.whl", hash = "sha256:7fa17d5a29c2e04b7d90e5e32388b8bfd0e7107cd8e616feef7ed3fa6bdab5c9", size = 423603, upload-time = "2025-05-28T19:25:41.198Z" },
    { url = "https://files.pythonhosted.org/packages/44/3a/b15c4347dd4bf3a1b0ee882f384623e2063bb5cf9fa9d57990a4f7df2fb6/protobuf-6.31.1-cp310-abi3-win_amd64.whl", hash = "sha256:426f59d2964864a1a366254fa703b8632dcec0790d8862d30034d8245e1cd447", size = 435283, upload-time = "2025-05-28T19:25:44.275Z" },
    { url = "https://files.pythonhosted.org/packages/6a/c9/b9689a2a250264a84e66c46d8862ba788ee7a641cdca39bccf64f59284b7/protobuf-6.31.1-cp39-abi3-macosx_10_9_universal2.whl", hash = "sha256:6f1227473dc43d44ed644425268eb7c2e488ae245d51c6866d19fe158e207402", size = 425604, upload-time = "2025-05-28T19:25:45.702Z" },
    { url = "https://files.pythonhosted.org/packages/76/a1/7a5a94032c83375e4fe7e7f56e3976ea6ac90c5e85fac8576409e25c39c3/protobuf-6.31.1-cp39-abi3-manylinux2014_aarch64.whl", hash = "sha256:a40fc12b84c154884d7d4c4ebd675d5b3b5283e155f324049ae396b95ddebc39", size = 322115, upload-time = "2025-05-28T19:25:47.128Z" },
    { url = "https://files.pythonhosted.org/packages/fa/b1/b59d405d64d31999244643d88c45c8241c58f17cc887e73bcb90602327f8/protobuf-6.31.1-cp39-abi3-manylinux2014_x86_64.whl", hash = "sha256:4ee898bf66f7a8b0bd21bce523814e6fbd8c6add948045ce958b73af7e8878c6", size = 321070, upload-time = "2025-05-28T19:25:50.036Z" },
    { url = "https://files.pythonhosted.org/packages/f7/af/ab3c51ab7507a7325e98ffe691d9495ee3d3aa5f589afad65ec920d39821/protobuf-6.31.1-py3-none-any.whl", hash = "sha256:720a6c7e6b77288b85063569baae8536671b39f15cc22037ec7045658d80489e", size = 168724, upload-time = "2025-05-28T19:25:53.926Z" },
]

[[package]]
name = "setuptools"
version = "80.9.0"
source = { registry = "https://pypi.org/simple" }
sdist = { url = "https://files.pythonhosted.org/packages/18/5d/3bf57dcd21979b887f014ea83c24ae194cfcd12b9e0fda66b957c69d1fca/setuptools-80.9.0.tar.gz", hash = "sha256:f36b47402ecde768dbfafc46e8e4207b4360c654f1f3bb84475f0a28628fb19c", size = 1319958, upload-time = "2025-05-27T00:56:51.443Z" }
wheels = [
    { url = "https://files.pythonhosted.org/packages/a3/dc/17031897dae0efacfea57dfd3a82fdd2a2aeb58e0ff71b77b87e44edc772/setuptools-80.9.0-py3-none-any.whl", hash = "sha256:062d34222ad13e0cc312a4c02d73f059e86a4acbfbdea8f8f76b28c99f306922", size = 1201486, upload-time = "2025-05-27T00:56:49.664Z" },
]
